
Microsoft Visual Studio Solution File, Format Version 12.00
# Visual Studio Version 17
VisualStudioVersion = 17.5.002.0
MinimumVisualStudioVersion = 10.0.40219.1
Project("{9A19103F-16F7-4668-BE54-9A1E7A4F7556}") = "23_12_2023", "23_12_2023.csproj", "{36480774-CBAD-4895-A21C-2059D8EAC5F9}"
EndProject
Global
	GlobalSection(SolutionConfigurationPlatforms) = preSolution
		Debug|Any CPU = Debug|Any CPU
		Release|Any CPU = Release|Any CPU
	EndGlobalSection
	GlobalSection(ProjectConfigurationPlatforms) = postSolution
		{36480774-CBAD-4895-A21C-2059D8EAC5F9}.Debug|Any CPU.ActiveCfg = Debug|Any CPU
		{36480774-CBAD-4895-A21C-2059D8EAC5F9}.Debug|Any CPU.Build.0 = Debug|Any CPU
		{36480774-CBAD-4895-A21C-2059D8EAC5F9}.Release|Any CPU.ActiveCfg = Release|Any CPU
		{36480774-CBAD-4895-A21C-2059D8EAC5F9}.Release|Any CPU.Build.0 = Release|Any CPU
	EndGlobalSection
	GlobalSection(SolutionProperties) = preSolution
		HideSolutionNode = FALSE
	EndGlobalSection
	GlobalSection(ExtensibilityGlobals) = postSolution
		SolutionGuid = {9C400EE7-2D51-49DC-9715-A554D2403D87}
	EndGlobalSection
EndGlobal
